// !$*UTF8*$!
{
	archiveVersion = 1;
	classes = {
	};
	objectVersion = 51;
	objects = {

/* Begin PBXBuildFile section */
		0B5D51BFD281770D29588A68 /* Pods_QUIZ_Now_.framework in Frameworks */ = {isa = PBXBuildFile; fileRef = A7478FF1E737773916342257 /* Pods_QUIZ_Now_.framework */; };
		842FA69B2449D98900D0C268 /* Observer.swift in Sources */ = {isa = PBXBuildFile; fileRef = 842FA69A2449D98900D0C268 /* Observer.swift */; };
		842FA69E244A0A8F00D0C268 /* AddQuestionViewController.swift in Sources */ = {isa = PBXBuildFile; fileRef = 842FA69D244A0A8F00D0C268 /* AddQuestionViewController.swift */; };
		842FA6A0244A0E1500D0C268 /* QuestionMassiv.swift in Sources */ = {isa = PBXBuildFile; fileRef = 842FA69F244A0E1500D0C268 /* QuestionMassiv.swift */; };
		842FA6A2244A150E00D0C268 /* QuestionCaretaker.swift in Sources */ = {isa = PBXBuildFile; fileRef = 842FA6A1244A150E00D0C268 /* QuestionCaretaker.swift */; };
		846C1B0E243DD9F0002F282E /* AppDelegate.swift in Sources */ = {isa = PBXBuildFile; fileRef = 846C1B0D243DD9F0002F282E /* AppDelegate.swift */; };
		846C1B10243DD9F0002F282E /* SceneDelegate.swift in Sources */ = {isa = PBXBuildFile; fileRef = 846C1B0F243DD9F0002F282E /* SceneDelegate.swift */; };
		846C1B12243DD9F0002F282E /* GameViewController.swift in Sources */ = {isa = PBXBuildFile; fileRef = 846C1B11243DD9F0002F282E /* GameViewController.swift */; };
		846C1B15243DD9F0002F282E /* Main.storyboard in Resources */ = {isa = PBXBuildFile; fileRef = 846C1B13243DD9F0002F282E /* Main.storyboard */; };
		846C1B17243DD9F5002F282E /* Assets.xcassets in Resources */ = {isa = PBXBuildFile; fileRef = 846C1B16243DD9F5002F282E /* Assets.xcassets */; };
		846C1B1A243DD9F5002F282E /* LaunchScreen.storyboard in Resources */ = {isa = PBXBuildFile; fileRef = 846C1B18243DD9F5002F282E /* LaunchScreen.storyboard */; };
		846C1B22243DE467002F282E /* Question.swift in Sources */ = {isa = PBXBuildFile; fileRef = 846C1B21243DE467002F282E /* Question.swift */; };
		846C1B24243DF1A0002F282E /* GameSesion.swift in Sources */ = {isa = PBXBuildFile; fileRef = 846C1B23243DF1A0002F282E /* GameSesion.swift */; };
		846C1B26243DF1AC002F282E /* Game.swift in Sources */ = {isa = PBXBuildFile; fileRef = 846C1B25243DF1AC002F282E /* Game.swift */; };
		846C1B292440AB62002F282E /* StartViewWindow.swift in Sources */ = {isa = PBXBuildFile; fileRef = 846C1B282440AB61002F282E /* StartViewWindow.swift */; };
		846C1B2B2440DE30002F282E /* RecordsTableViewController.swift in Sources */ = {isa = PBXBuildFile; fileRef = 846C1B2A2440DE30002F282E /* RecordsTableViewController.swift */; };
		846C1B2D2440E919002F282E /* RecordsCaretaker.swift in Sources */ = {isa = PBXBuildFile; fileRef = 846C1B2C2440E919002F282E /* RecordsCaretaker.swift */; };
		846C1B312440F5A2002F282E /* Default-568h@2x.png in Resources */ = {isa = PBXBuildFile; fileRef = 846C1B302440F5A2002F282E /* Default-568h@2x.png */; };
		846C1B5424488363002F282E /* StrategyQuestion.swift in Sources */ = {isa = PBXBuildFile; fileRef = 846C1B5324488362002F282E /* StrategyQuestion.swift */; };
		846C1B56244883DC002F282E /* DefultStrategy.swift in Sources */ = {isa = PBXBuildFile; fileRef = 846C1B55244883DC002F282E /* DefultStrategy.swift */; };
		846C1B582448847D002F282E /* ShuffleStrategy.swift in Sources */ = {isa = PBXBuildFile; fileRef = 846C1B572448847D002F282E /* ShuffleStrategy.swift */; };
		846C1B5A2448BC1E002F282E /* SettingView.swift in Sources */ = {isa = PBXBuildFile; fileRef = 846C1B592448BC1E002F282E /* SettingView.swift */; };
/* End PBXBuildFile section */

/* Begin PBXFileReference section */
		201E8CD0A065E5B9308DDCE2 /* Pods-QUIZ Now!.release.xcconfig */ = {isa = PBXFileReference; includeInIndex = 1; lastKnownFileType = text.xcconfig; name = "Pods-QUIZ Now!.release.xcconfig"; path = "Target Support Files/Pods-QUIZ Now!/Pods-QUIZ Now!.release.xcconfig"; sourceTree = "<group>"; };
		842FA69A2449D98900D0C268 /* Observer.swift */ = {isa = PBXFileReference; lastKnownFileType = sourcecode.swift; path = Observer.swift; sourceTree = "<group>"; };
		842FA69D244A0A8F00D0C268 /* AddQuestionViewController.swift */ = {isa = PBXFileReference; lastKnownFileType = sourcecode.swift; path = AddQuestionViewController.swift; sourceTree = "<group>"; };
		842FA69F244A0E1500D0C268 /* QuestionMassiv.swift */ = {isa = PBXFileReference; lastKnownFileType = sourcecode.swift; path = QuestionMassiv.swift; sourceTree = "<group>"; };
		842FA6A1244A150E00D0C268 /* QuestionCaretaker.swift */ = {isa = PBXFileReference; lastKnownFileType = sourcecode.swift; path = QuestionCaretaker.swift; sourceTree = "<group>"; };
		846C1B0A243DD9F0002F282E /* QUIZ Now!.app */ = {isa = PBXFileReference; explicitFileType = wrapper.application; includeInIndex = 0; path = "QUIZ Now!.app"; sourceTree = BUILT_PRODUCTS_DIR; };
		846C1B0D243DD9F0002F282E /* AppDelegate.swift */ = {isa = PBXFileReference; lastKnownFileType = sourcecode.swift; path = AppDelegate.swift; sourceTree = "<group>"; };
		846C1B0F243DD9F0002F282E /* SceneDelegate.swift */ = {isa = PBXFileReference; lastKnownFileType = sourcecode.swift; path = SceneDelegate.swift; sourceTree = "<group>"; };
		846C1B11243DD9F0002F282E /* GameViewController.swift */ = {isa = PBXFileReference; lastKnownFileType = sourcecode.swift; path = GameViewController.swift; sourceTree = "<group>"; };
		846C1B14243DD9F0002F282E /* Base */ = {isa = PBXFileReference; lastKnownFileType = file.storyboard; name = Base; path = Base.lproj/Main.storyboard; sourceTree = "<group>"; };
		846C1B16243DD9F5002F282E /* Assets.xcassets */ = {isa = PBXFileReference; lastKnownFileType = folder.assetcatalog; path = Assets.xcassets; sourceTree = "<group>"; };
		846C1B19243DD9F5002F282E /* Base */ = {isa = PBXFileReference; lastKnownFileType = file.storyboard; name = Base; path = Base.lproj/LaunchScreen.storyboard; sourceTree = "<group>"; };
		846C1B1B243DD9F5002F282E /* Info.plist */ = {isa = PBXFileReference; lastKnownFileType = text.plist.xml; path = Info.plist; sourceTree = "<group>"; };
		846C1B21243DE467002F282E /* Question.swift */ = {isa = PBXFileReference; lastKnownFileType = sourcecode.swift; path = Question.swift; sourceTree = "<group>"; };
		846C1B23243DF1A0002F282E /* GameSesion.swift */ = {isa = PBXFileReference; lastKnownFileType = sourcecode.swift; path = GameSesion.swift; sourceTree = "<group>"; };
		846C1B25243DF1AC002F282E /* Game.swift */ = {isa = PBXFileReference; lastKnownFileType = sourcecode.swift; path = Game.swift; sourceTree = "<group>"; };
		846C1B282440AB61002F282E /* StartViewWindow.swift */ = {isa = PBXFileReference; lastKnownFileType = sourcecode.swift; path = StartViewWindow.swift; sourceTree = "<group>"; };
		846C1B2A2440DE30002F282E /* RecordsTableViewController.swift */ = {isa = PBXFileReference; lastKnownFileType = sourcecode.swift; path = RecordsTableViewController.swift; sourceTree = "<group>"; };
		846C1B2C2440E919002F282E /* RecordsCaretaker.swift */ = {isa = PBXFileReference; lastKnownFileType = sourcecode.swift; path = RecordsCaretaker.swift; sourceTree = "<group>"; };
		846C1B302440F5A2002F282E /* Default-568h@2x.png */ = {isa = PBXFileReference; lastKnownFileType = image.png; path = "Default-568h@2x.png"; sourceTree = "<group>"; };
		846C1B5324488362002F282E /* StrategyQuestion.swift */ = {isa = PBXFileReference; lastKnownFileType = sourcecode.swift; path = StrategyQuestion.swift; sourceTree = "<group>"; };
		846C1B55244883DC002F282E /* DefultStrategy.swift */ = {isa = PBXFileReference; lastKnownFileType = sourcecode.swift; path = DefultStrategy.swift; sourceTree = "<group>"; };
		846C1B572448847D002F282E /* ShuffleStrategy.swift */ = {isa = PBXFileReference; lastKnownFileType = sourcecode.swift; path = ShuffleStrategy.swift; sourceTree = "<group>"; };
		846C1B592448BC1E002F282E /* SettingView.swift */ = {isa = PBXFileReference; lastKnownFileType = sourcecode.swift; path = SettingView.swift; sourceTree = "<group>"; };
		A7478FF1E737773916342257 /* Pods_QUIZ_Now_.framework */ = {isa = PBXFileReference; explicitFileType = wrapper.framework; includeInIndex = 0; path = Pods_QUIZ_Now_.framework; sourceTree = BUILT_PRODUCTS_DIR; };
		A97B46B0BD8F279B6B8609C7 /* Pods-QUIZ Now!.debug.xcconfig */ = {isa = PBXFileReference; includeInIndex = 1; lastKnownFileType = text.xcconfig; name = "Pods-QUIZ Now!.debug.xcconfig"; path = "Target Support Files/Pods-QUIZ Now!/Pods-QUIZ Now!.debug.xcconfig"; sourceTree = "<group>"; };
/* End PBXFileReference section */

/* Begin PBXFrameworksBuildPhase section */
		846C1B07243DD9F0002F282E /* Frameworks */ = {
			isa = PBXFrameworksBuildPhase;
			buildActionMask = 2147483647;
			files = (
				0B5D51BFD281770D29588A68 /* Pods_QUIZ_Now_.framework in Frameworks */,
			);
			runOnlyForDeploymentPostprocessing = 0;
		};
/* End PBXFrameworksBuildPhase section */

/* Begin PBXGroup section */
		7BDB846F56ED21E998080FF6 /* Pods */ = {
			isa = PBXGroup;
			children = (
				A97B46B0BD8F279B6B8609C7 /* Pods-QUIZ Now!.debug.xcconfig */,
				201E8CD0A065E5B9308DDCE2 /* Pods-QUIZ Now!.release.xcconfig */,
			);
			path = Pods;
			sourceTree = "<group>";
		};
		842FA6992449D95B00D0C268 /* Observer */ = {
			isa = PBXGroup;
			children = (
				842FA69A2449D98900D0C268 /* Observer.swift */,
			);
			path = Observer;
			sourceTree = "<group>";
		};
		842FA69C244A0A5B00D0C268 /* AddQuestion */ = {
			isa = PBXGroup;
			children = (
				842FA69D244A0A8F00D0C268 /* AddQuestionViewController.swift */,
				842FA6A1244A150E00D0C268 /* QuestionCaretaker.swift */,
			);
			path = AddQuestion;
			sourceTree = "<group>";
		};
		846C1B01243DD9F0002F282E = {
			isa = PBXGroup;
			children = (
				846C1B302440F5A2002F282E /* Default-568h@2x.png */,
				846C1B0C243DD9F0002F282E /* QUIZGame */,
				846C1B0B243DD9F0002F282E /* Products */,
				7BDB846F56ED21E998080FF6 /* Pods */,
				A6B3C6BAB845724AC38AA6D5 /* Frameworks */,
			);
			sourceTree = "<group>";
		};
		846C1B0B243DD9F0002F282E /* Products */ = {
			isa = PBXGroup;
			children = (
				846C1B0A243DD9F0002F282E /* QUIZ Now!.app */,
			);
			name = Products;
			sourceTree = "<group>";
		};
		846C1B0C243DD9F0002F282E /* QUIZGame */ = {
			isa = PBXGroup;
			children = (
				842FA6992449D95B00D0C268 /* Observer */,
				846C1B5224488348002F282E /* Strategy */,
				846C1B27243E0042002F282E /* Game */,
				846C1B0D243DD9F0002F282E /* AppDelegate.swift */,
				846C1B0F243DD9F0002F282E /* SceneDelegate.swift */,
				846C1B13243DD9F0002F282E /* Main.storyboard */,
				846C1B16243DD9F5002F282E /* Assets.xcassets */,
				846C1B18243DD9F5002F282E /* LaunchScreen.storyboard */,
				846C1B1B243DD9F5002F282E /* Info.plist */,
			);
			path = QUIZGame;
			sourceTree = "<group>";
		};
		846C1B27243E0042002F282E /* Game */ = {
			isa = PBXGroup;
			children = (
				842FA69C244A0A5B00D0C268 /* AddQuestion */,
				846C1B25243DF1AC002F282E /* Game.swift */,
				846C1B23243DF1A0002F282E /* GameSesion.swift */,
				846C1B11243DD9F0002F282E /* GameViewController.swift */,
				846C1B21243DE467002F282E /* Question.swift */,
				846C1B282440AB61002F282E /* StartViewWindow.swift */,
				846C1B2A2440DE30002F282E /* RecordsTableViewController.swift */,
				846C1B2C2440E919002F282E /* RecordsCaretaker.swift */,
				846C1B592448BC1E002F282E /* SettingView.swift */,
				842FA69F244A0E1500D0C268 /* QuestionMassiv.swift */,
			);
			path = Game;
			sourceTree = "<group>";
		};
		846C1B5224488348002F282E /* Strategy */ = {
			isa = PBXGroup;
			children = (
				846C1B5324488362002F282E /* StrategyQuestion.swift */,
				846C1B55244883DC002F282E /* DefultStrategy.swift */,
				846C1B572448847D002F282E /* ShuffleStrategy.swift */,
			);
			path = Strategy;
			sourceTree = "<group>";
		};
		A6B3C6BAB845724AC38AA6D5 /* Frameworks */ = {
			isa = PBXGroup;
			children = (
				A7478FF1E737773916342257 /* Pods_QUIZ_Now_.framework */,
			);
			name = Frameworks;
			sourceTree = "<group>";
		};
/* End PBXGroup section */

/* Begin PBXNativeTarget section */
		846C1B09243DD9F0002F282E /* QUIZ Now! */ = {
			isa = PBXNativeTarget;
			buildConfigurationList = 846C1B1E243DD9F5002F282E /* Build configuration list for PBXNativeTarget "QUIZ Now!" */;
			buildPhases = (
				123B0218C9482EF774779D58 /* [CP] Check Pods Manifest.lock */,
				846C1B06243DD9F0002F282E /* Sources */,
				846C1B07243DD9F0002F282E /* Frameworks */,
				846C1B08243DD9F0002F282E /* Resources */,
			);
			buildRules = (
			);
			dependencies = (
			);
			name = "QUIZ Now!";
			productName = MillionairGame;
			productReference = 846C1B0A243DD9F0002F282E /* QUIZ Now!.app */;
			productType = "com.apple.product-type.application";
		};
/* End PBXNativeTarget section */

/* Begin PBXProject section */
		846C1B02243DD9F0002F282E /* Project object */ = {
			isa = PBXProject;
			attributes = {
				LastSwiftUpdateCheck = 1140;
				LastUpgradeCheck = 1140;
				ORGANIZATIONNAME = "Artem Pozdnyakov";
				TargetAttributes = {
					846C1B09243DD9F0002F282E = {
						CreatedOnToolsVersion = 11.4;
					};
				};
			};
			buildConfigurationList = 846C1B05243DD9F0002F282E /* Build configuration list for PBXProject "QUIZ Now!" */;
			compatibilityVersion = "Xcode 9.3";
			developmentRegion = en;
			hasScannedForEncodings = 0;
			knownRegions = (
				en,
				Base,
			);
			mainGroup = 846C1B01243DD9F0002F282E;
			productRefGroup = 846C1B0B243DD9F0002F282E /* Products */;
			projectDirPath = "";
			projectRoot = "";
			targets = (
				846C1B09243DD9F0002F282E /* QUIZ Now! */,
			);
		};
/* End PBXProject section */

/* Begin PBXResourcesBuildPhase section */
		846C1B08243DD9F0002F282E /* Resources */ = {
			isa = PBXResourcesBuildPhase;
			buildActionMask = 2147483647;
			files = (
				846C1B1A243DD9F5002F282E /* LaunchScreen.storyboard in Resources */,
				846C1B312440F5A2002F282E /* Default-568h@2x.png in Resources */,
				846C1B17243DD9F5002F282E /* Assets.xcassets in Resources */,
				846C1B15243DD9F0002F282E /* Main.storyboard in Resources */,
			);
			runOnlyForDeploymentPostprocessing = 0;
		};
/* End PBXResourcesBuildPhase section */

/* Begin PBXShellScriptBuildPhase section */
		123B0218C9482EF774779D58 /* [CP] Check Pods Manifest.lock */ = {
			isa = PBXShellScriptBuildPhase;
			buildActionMask = 2147483647;
			files = (
			);
			inputFileListPaths = (
			);
			inputPaths = (
				"${PODS_PODFILE_DIR_PATH}/Podfile.lock",
				"${PODS_ROOT}/Manifest.lock",
			);
			name = "[CP] Check Pods Manifest.lock";
			outputFileListPaths = (
			);
			outputPaths = (
				"$(DERIVED_FILE_DIR)/Pods-QUIZ Now!-checkManifestLockResult.txt",
			);
			runOnlyForDeploymentPostprocessing = 0;
			shellPath = /bin/sh;
			shellScript = "diff \"${PODS_PODFILE_DIR_PATH}/Podfile.lock\" \"${PODS_ROOT}/Manifest.lock\" > /dev/null\nif [ $? != 0 ] ; then\n    # print error to STDERR\n    echo \"error: The sandbox is not in sync with the Podfile.lock. Run 'pod install' or update your CocoaPods installation.\" >&2\n    exit 1\nfi\n# This output is used by Xcode 'outputs' to avoid re-running this script phase.\necho \"SUCCESS\" > \"${SCRIPT_OUTPUT_FILE_0}\"\n";
			showEnvVarsInLog = 0;
		};
/* End PBXShellScriptBuildPhase section */

/* Begin PBXSourcesBuildPhase section */
		846C1B06243DD9F0002F282E /* Sources */ = {
			isa = PBXSourcesBuildPhase;
			buildActionMask = 2147483647;
			files = (
				846C1B2B2440DE30002F282E /* RecordsTableViewController.swift in Sources */,
				846C1B2D2440E919002F282E /* RecordsCaretaker.swift in Sources */,
				842FA69E244A0A8F00D0C268 /* AddQuestionViewController.swift in Sources */,
				846C1B5424488363002F282E /* StrategyQuestion.swift in Sources */,
				846C1B12243DD9F0002F282E /* GameViewController.swift in Sources */,
				846C1B26243DF1AC002F282E /* Game.swift in Sources */,
				842FA69B2449D98900D0C268 /* Observer.swift in Sources */,
				846C1B292440AB62002F282E /* StartViewWindow.swift in Sources */,
				846C1B56244883DC002F282E /* DefultStrategy.swift in Sources */,
				846C1B22243DE467002F282E /* Question.swift in Sources */,
				842FA6A2244A150E00D0C268 /* QuestionCaretaker.swift in Sources */,
				842FA6A0244A0E1500D0C268 /* QuestionMassiv.swift in Sources */,
				846C1B5A2448BC1E002F282E /* SettingView.swift in Sources */,
				846C1B582448847D002F282E /* ShuffleStrategy.swift in Sources */,
				846C1B0E243DD9F0002F282E /* AppDelegate.swift in Sources */,
				846C1B10243DD9F0002F282E /* SceneDelegate.swift in Sources */,
				846C1B24243DF1A0002F282E /* GameSesion.swift in Sources */,
			);
			runOnlyForDeploymentPostprocessing = 0;
		};
/* End PBXSourcesBuildPhase section */

/* Begin PBXVariantGroup section */
		846C1B13243DD9F0002F282E /* Main.storyboard */ = {
			isa = PBXVariantGroup;
			children = (
				846C1B14243DD9F0002F282E /* Base */,
			);
			name = Main.storyboard;
			sourceTree = "<group>";
		};
		846C1B18243DD9F5002F282E /* LaunchScreen.storyboard */ = {
			isa = PBXVariantGroup;
			children = (
				846C1B19243DD9F5002F282E /* Base */,
			);
			name = LaunchScreen.storyboard;
			sourceTree = "<group>";
		};
/* End PBXVariantGroup section */

/* Begin XCBuildConfiguration section */
		846C1B1C243DD9F5002F282E /* Debug */ = {
			isa = XCBuildConfiguration;
			buildSettings = {
				ALWAYS_SEARCH_USER_PATHS = NO;
				CLANG_ANALYZER_NONNULL = YES;
				CLANG_ANALYZER_NUMBER_OBJECT_CONVERSION = YES_AGGRESSIVE;
				CLANG_CXX_LANGUAGE_STANDARD = "gnu++14";
				CLANG_CXX_LIBRARY = "libc++";
				CLANG_ENABLE_MODULES = YES;
				CLANG_ENABLE_OBJC_ARC = YES;
				CLANG_ENABLE_OBJC_WEAK = YES;
				CLANG_WARN_BLOCK_CAPTURE_AUTORELEASING = YES;
				CLANG_WARN_BOOL_CONVERSION = YES;
				CLANG_WARN_COMMA = YES;
				CLANG_WARN_CONSTANT_CONVERSION = YES;
				CLANG_WARN_DEPRECATED_OBJC_IMPLEMENTATIONS = YES;
				CLANG_WARN_DIRECT_OBJC_ISA_USAGE = YES_ERROR;
				CLANG_WARN_DOCUMENTATION_COMMENTS = YES;
				CLANG_WARN_EMPTY_BODY = YES;
				CLANG_WARN_ENUM_CONVERSION = YES;
				CLANG_WARN_INFINITE_RECURSION = YES;
				CLANG_WARN_INT_CONVERSION = YES;
				CLANG_WARN_NON_LITERAL_NULL_CONVERSION = YES;
				CLANG_WARN_OBJC_IMPLICIT_RETAIN_SELF = YES;
				CLANG_WARN_OBJC_LITERAL_CONVERSION = YES;
				CLANG_WARN_OBJC_ROOT_CLASS = YES_ERROR;
				CLANG_WARN_RANGE_LOOP_ANALYSIS = YES;
				CLANG_WARN_STRICT_PROTOTYPES = YES;
				CLANG_WARN_SUSPICIOUS_MOVE = YES;
				CLANG_WARN_UNGUARDED_AVAILABILITY = YES_AGGRESSIVE;
				CLANG_WARN_UNREACHABLE_CODE = YES;
				CLANG_WARN__DUPLICATE_METHOD_MATCH = YES;
				COPY_PHASE_STRIP = NO;
				DEBUG_INFORMATION_FORMAT = dwarf;
				ENABLE_STRICT_OBJC_MSGSEND = YES;
				ENABLE_TESTABILITY = YES;
				GCC_C_LANGUAGE_STANDARD = gnu11;
				GCC_DYNAMIC_NO_PIC = NO;
				GCC_NO_COMMON_BLOCKS = YES;
				GCC_OPTIMIZATION_LEVEL = 0;
				GCC_PREPROCESSOR_DEFINITIONS = (
					"DEBUG=1",
					"$(inherited)",
				);
				GCC_WARN_64_TO_32_BIT_CONVERSION = YES;
				GCC_WARN_ABOUT_RETURN_TYPE = YES_ERROR;
				GCC_WARN_UNDECLARED_SELECTOR = YES;
				GCC_WARN_UNINITIALIZED_AUTOS = YES_AGGRESSIVE;
				GCC_WARN_UNUSED_FUNCTION = YES;
				GCC_WARN_UNUSED_VARIABLE = YES;
				IPHONEOS_DEPLOYMENT_TARGET = 13.4;
				MTL_ENABLE_DEBUG_INFO = INCLUDE_SOURCE;
				MTL_FAST_MATH = YES;
				ONLY_ACTIVE_ARCH = YES;
				SDKROOT = iphoneos;
				SWIFT_ACTIVE_COMPILATION_CONDITIONS = DEBUG;
				SWIFT_OPTIMIZATION_LEVEL = "-Onone";
			};
			name = Debug;
		};
		846C1B1D243DD9F5002F282E /* Release */ = {
			isa = XCBuildConfiguration;
			buildSettings = {
				ALWAYS_SEARCH_USER_PATHS = NO;
				CLANG_ANALYZER_NONNULL = YES;
				CLANG_ANALYZER_NUMBER_OBJECT_CONVERSION = YES_AGGRESSIVE;
				CLANG_CXX_LANGUAGE_STANDARD = "gnu++14";
				CLANG_CXX_LIBRARY = "libc++";
				CLANG_ENABLE_MODULES = YES;
				CLANG_ENABLE_OBJC_ARC = YES;
				CLANG_ENABLE_OBJC_WEAK = YES;
				CLANG_WARN_BLOCK_CAPTURE_AUTORELEASING = YES;
				CLANG_WARN_BOOL_CONVERSION = YES;
				CLANG_WARN_COMMA = YES;
				CLANG_WARN_CONSTANT_CONVERSION = YES;
				CLANG_WARN_DEPRECATED_OBJC_IMPLEMENTATIONS = YES;
				CLANG_WARN_DIRECT_OBJC_ISA_USAGE = YES_ERROR;
				CLANG_WARN_DOCUMENTATION_COMMENTS = YES;
				CLANG_WARN_EMPTY_BODY = YES;
				CLANG_WARN_ENUM_CONVERSION = YES;
				CLANG_WARN_INFINITE_RECURSION = YES;
				CLANG_WARN_INT_CONVERSION = YES;
				CLANG_WARN_NON_LITERAL_NULL_CONVERSION = YES;
				CLANG_WARN_OBJC_IMPLICIT_RETAIN_SELF = YES;
				CLANG_WARN_OBJC_LITERAL_CONVERSION = YES;
				CLANG_WARN_OBJC_ROOT_CLASS = YES_ERROR;
				CLANG_WARN_RANGE_LOOP_ANALYSIS = YES;
				CLANG_WARN_STRICT_PROTOTYPES = YES;
				CLANG_WARN_SUSPICIOUS_MOVE = YES;
				CLANG_WARN_UNGUARDED_AVAILABILITY = YES_AGGRESSIVE;
				CLANG_WARN_UNREACHABLE_CODE = YES;
				CLANG_WARN__DUPLICATE_METHOD_MATCH = YES;
				COPY_PHASE_STRIP = NO;
				DEBUG_INFORMATION_FORMAT = "dwarf-with-dsym";
				ENABLE_NS_ASSERTIONS = NO;
				ENABLE_STRICT_OBJC_MSGSEND = YES;
				GCC_C_LANGUAGE_STANDARD = gnu11;
				GCC_NO_COMMON_BLOCKS = YES;
				GCC_WARN_64_TO_32_BIT_CONVERSION = YES;
				GCC_WARN_ABOUT_RETURN_TYPE = YES_ERROR;
				GCC_WARN_UNDECLARED_SELECTOR = YES;
				GCC_WARN_UNINITIALIZED_AUTOS = YES_AGGRESSIVE;
				GCC_WARN_UNUSED_FUNCTION = YES;
				GCC_WARN_UNUSED_VARIABLE = YES;
				IPHONEOS_DEPLOYMENT_TARGET = 13.4;
				MTL_ENABLE_DEBUG_INFO = NO;
				MTL_FAST_MATH = YES;
				SDKROOT = iphoneos;
				SWIFT_COMPILATION_MODE = wholemodule;
				SWIFT_OPTIMIZATION_LEVEL = "-O";
				VALIDATE_PRODUCT = YES;
			};
			name = Release;
		};
		846C1B1F243DD9F5002F282E /* Debug */ = {
			isa = XCBuildConfiguration;
			baseConfigurationReference = A97B46B0BD8F279B6B8609C7 /* Pods-QUIZ Now!.debug.xcconfig */;
			buildSettings = {
				ASSETCATALOG_COMPILER_APPICON_NAME = AppIcon;
				CODE_SIGN_STYLE = Automatic;
				DEVELOPMENT_TEAM = 8CMXWZDT97;
				INFOPLIST_FILE = "$(SRCROOT)/QUIZGame/Info.plist";
				LD_RUNPATH_SEARCH_PATHS = (
					"$(inherited)",
					"@executable_path/Frameworks",
				);
				PRODUCT_BUNDLE_IDENTIFIER = MillionairGame.MillionairGame;
				PRODUCT_NAME = "$(TARGET_NAME)";
				SWIFT_VERSION = 5.0;
				TARGETED_DEVICE_FAMILY = "1,2";
			};
			name = Debug;
		};
		846C1B20243DD9F5002F282E /* Release */ = {
			isa = XCBuildConfiguration;
			baseConfigurationReference = 201E8CD0A065E5B9308DDCE2 /* Pods-QUIZ Now!.release.xcconfig */;
			buildSettings = {
				ASSETCATALOG_COMPILER_APPICON_NAME = AppIcon;
				CODE_SIGN_STYLE = Automatic;
				DEVELOPMENT_TEAM = 8CMXWZDT97;
				INFOPLIST_FILE = "$(SRCROOT)/QUIZGame/Info.plist";
				LD_RUNPATH_SEARCH_PATHS = (
					"$(inherited)",
					"@executable_path/Frameworks",
				);
				PRODUCT_BUNDLE_IDENTIFIER = MillionairGame.MillionairGame;
				PRODUCT_NAME = "$(TARGET_NAME)";
				SWIFT_VERSION = 5.0;
				TARGETED_DEVICE_FAMILY = "1,2";
			};
			name = Release;
		};
/* End XCBuildConfiguration section */

/* Begin XCConfigurationList section */
		846C1B05243DD9F0002F282E /* Build configuration list for PBXProject "QUIZ Now!" */ = {
			isa = XCConfigurationList;
			buildConfigurations = (
				846C1B1C243DD9F5002F282E /* Debug */,
				846C1B1D243DD9F5002F282E /* Release */,
			);
			defaultConfigurationIsVisible = 0;
			defaultConfigurationName = Release;
		};
		846C1B1E243DD9F5002F282E /* Build configuration list for PBXNativeTarget "QUIZ Now!" */ = {
			isa = XCConfigurationList;
			buildConfigurations = (
				846C1B1F243DD9F5002F282E /* Debug */,
				846C1B20243DD9F5002F282E /* Release */,
			);
			defaultConfigurationIsVisible = 0;
			defaultConfigurationName = Release;
		};
/* End XCConfigurationList section */
	};
	rootObject = 846C1B02243DD9F0002F282E /* Project object */;
}
